
Microsoft Visual Studio Solution File, Format Version 12.00
# Visual Studio Version 16
VisualStudioVersion = 16.0.30011.22
MinimumVisualStudioVersion = 10.0.40219.1
Project("{FAE04EC0-301F-11D3-BF4B-00C04F79EFBC}") = "matrix determinant", "matrix determinant.csproj", "{827E8683-7312-419C-AA2B-297C1D7062A1}"
EndProject
Global
	GlobalSection(SolutionConfigurationPlatforms) = preSolution
		Debug|Any CPU = Debug|Any CPU
		Release|Any CPU = Release|Any CPU
	EndGlobalSection
	GlobalSection(ProjectConfigurationPlatforms) = postSolution
		{827E8683-7312-419C-AA2B-297C1D7062A1}.Debug|Any CPU.ActiveCfg = Debug|Any CPU
		{827E8683-7312-419C-AA2B-297C1D7062A1}.Debug|Any CPU.Build.0 = Debug|Any CPU
		{827E8683-7312-419C-AA2B-297C1D7062A1}.Release|Any CPU.ActiveCfg = Release|Any CPU
		{827E8683-7312-419C-AA2B-297C1D7062A1}.Release|Any CPU.Build.0 = Release|Any CPU
	EndGlobalSection
	GlobalSection(SolutionProperties) = preSolution
		HideSolutionNode = FALSE
	EndGlobalSection
	GlobalSection(ExtensibilityGlobals) = postSolution
		SolutionGuid = {94B5E2F1-6194-4E53-AC32-94360E55B145}
	EndGlobalSection
EndGlobal
